
Microsoft Visual Studio Solution File, Format Version 12.00
# Visual Studio Version 16
VisualStudioVersion = 16.0.31019.35
MinimumVisualStudioVersion = 10.0.40219.1
Project("{FAE04EC0-301F-11D3-BF4B-00C04F79EFBC}") = "FileCommandes", "FileCommandes\FileCommandes.csproj", "{05810E82-49A7-4952-B650-64CF94ED82EA}"
EndProject
Global
	GlobalSection(SolutionConfigurationPlatforms) = preSolution
		Debug|Any CPU = Debug|Any CPU
		Release|Any CPU = Release|Any CPU
	EndGlobalSection
	GlobalSection(ProjectConfigurationPlatforms) = postSolution
		{05810E82-49A7-4952-B650-64CF94ED82EA}.Debug|Any CPU.ActiveCfg = Debug|Any CPU
		{05810E82-49A7-4952-B650-64CF94ED82EA}.Debug|Any CPU.Build.0 = Debug|Any CPU
		{05810E82-49A7-4952-B650-64CF94ED82EA}.Release|Any CPU.ActiveCfg = Release|Any CPU
		{05810E82-49A7-4952-B650-64CF94ED82EA}.Release|Any CPU.Build.0 = Release|Any CPU
	EndGlobalSection
	GlobalSection(SolutionProperties) = preSolution
		HideSolutionNode = FALSE
	EndGlobalSection
	GlobalSection(ExtensibilityGlobals) = postSolution
		SolutionGuid = {82A1C579-6871-4F29-ABF2-2E66CE4C1308}
	EndGlobalSection
EndGlobal
