
Microsoft Visual Studio Solution File, Format Version 12.00
# Visual Studio Version 16
VisualStudioVersion = 16.0.31205.134
MinimumVisualStudioVersion = 10.0.40219.1
Project("{FAE04EC0-301F-11D3-BF4B-00C04F79EFBC}") = "pokemon-fight-rest-api", "pokemon-fight-rest-api\pokemon-fight-rest-api.csproj", "{CBB47FA9-0137-431C-9CA5-84001F5CC3DF}"
EndProject
Global
	GlobalSection(SolutionConfigurationPlatforms) = preSolution
		Debug|Any CPU = Debug|Any CPU
		Release|Any CPU = Release|Any CPU
	EndGlobalSection
	GlobalSection(ProjectConfigurationPlatforms) = postSolution
		{CBB47FA9-0137-431C-9CA5-84001F5CC3DF}.Debug|Any CPU.ActiveCfg = Debug|Any CPU
		{CBB47FA9-0137-431C-9CA5-84001F5CC3DF}.Debug|Any CPU.Build.0 = Debug|Any CPU
		{CBB47FA9-0137-431C-9CA5-84001F5CC3DF}.Release|Any CPU.ActiveCfg = Release|Any CPU
		{CBB47FA9-0137-431C-9CA5-84001F5CC3DF}.Release|Any CPU.Build.0 = Release|Any CPU
	EndGlobalSection
	GlobalSection(SolutionProperties) = preSolution
		HideSolutionNode = FALSE
	EndGlobalSection
	GlobalSection(ExtensibilityGlobals) = postSolution
		SolutionGuid = {C46F95D4-4B9F-419D-B014-6E4D0D4313C4}
	EndGlobalSection
EndGlobal
